
Microsoft Visual Studio Solution File, Format Version 12.00
# Visual Studio Version 17
VisualStudioVersion = 17.5.002.0
MinimumVisualStudioVersion = 10.0.40219.1
Project("{9A19103F-16F7-4668-BE54-9A1E7A4F7556}") = "Calculadora-de-Notas-Escolares", "Calculadora-de-Notas-Escolares.csproj", "{94C8BCB8-7607-4530-A92E-9BE57B071488}"
EndProject
Global
	GlobalSection(SolutionConfigurationPlatforms) = preSolution
		Debug|Any CPU = Debug|Any CPU
		Release|Any CPU = Release|Any CPU
	EndGlobalSection
	GlobalSection(ProjectConfigurationPlatforms) = postSolution
		{94C8BCB8-7607-4530-A92E-9BE57B071488}.Debug|Any CPU.ActiveCfg = Debug|Any CPU
		{94C8BCB8-7607-4530-A92E-9BE57B071488}.Debug|Any CPU.Build.0 = Debug|Any CPU
		{94C8BCB8-7607-4530-A92E-9BE57B071488}.Release|Any CPU.ActiveCfg = Release|Any CPU
		{94C8BCB8-7607-4530-A92E-9BE57B071488}.Release|Any CPU.Build.0 = Release|Any CPU
	EndGlobalSection
	GlobalSection(SolutionProperties) = preSolution
		HideSolutionNode = FALSE
	EndGlobalSection
	GlobalSection(ExtensibilityGlobals) = postSolution
		SolutionGuid = {334A7F43-72C4-44C0-BBF6-51C335591508}
	EndGlobalSection
EndGlobal
